
Microsoft Visual Studio Solution File, Format Version 12.00
# Visual Studio Version 17
VisualStudioVersion = 17.10.35013.160
MinimumVisualStudioVersion = 10.0.40219.1
Project("{FAE04EC0-301F-11D3-BF4B-00C04F79EFBC}") = "TestApp", "TestApp\TestApp.csproj", "{7B763570-1DCA-4B52-A255-21B517F7C818}"
EndProject
Project("{FAE04EC0-301F-11D3-BF4B-00C04F79EFBC}") = "TestApp.Tests", "TestApp.Tests\TestApp.Tests.csproj", "{7C957E36-3DA7-4510-BF59-46EB03EB9464}"
EndProject
Global
	GlobalSection(SolutionConfigurationPlatforms) = preSolution
		Debug|Any CPU = Debug|Any CPU
		Release|Any CPU = Release|Any CPU
	EndGlobalSection
	GlobalSection(ProjectConfigurationPlatforms) = postSolution
		{7B763570-1DCA-4B52-A255-21B517F7C818}.Debug|Any CPU.ActiveCfg = Debug|Any CPU
		{7B763570-1DCA-4B52-A255-21B517F7C818}.Debug|Any CPU.Build.0 = Debug|Any CPU
		{7B763570-1DCA-4B52-A255-21B517F7C818}.Release|Any CPU.ActiveCfg = Release|Any CPU
		{7B763570-1DCA-4B52-A255-21B517F7C818}.Release|Any CPU.Build.0 = Release|Any CPU
		{7C957E36-3DA7-4510-BF59-46EB03EB9464}.Debug|Any CPU.ActiveCfg = Debug|Any CPU
		{7C957E36-3DA7-4510-BF59-46EB03EB9464}.Debug|Any CPU.Build.0 = Debug|Any CPU
		{7C957E36-3DA7-4510-BF59-46EB03EB9464}.Release|Any CPU.ActiveCfg = Release|Any CPU
		{7C957E36-3DA7-4510-BF59-46EB03EB9464}.Release|Any CPU.Build.0 = Release|Any CPU
	EndGlobalSection
	GlobalSection(SolutionProperties) = preSolution
		HideSolutionNode = FALSE
	EndGlobalSection
	GlobalSection(ExtensibilityGlobals) = postSolution
		SolutionGuid = {5899FD49-507A-4134-BC24-F52FF00B8AE4}
	EndGlobalSection
EndGlobal
